// !$*UTF8*$!
{
	archiveVersion = 1;
	classes = {
	};
	objectVersion = 55;
	objects = {

/* Begin PBXBuildFile section */
		4A6BABDA77EC2DFF7354A9ED /* Pods_InstagramTests.framework in Frameworks */ = {isa = PBXBuildFile; fileRef = CA23C86B39939A42E43D10F7 /* Pods_InstagramTests.framework */; };
		78A35EBFD05198C50786B726 /* Pods_Instagram_InstagramUITests.framework in Frameworks */ = {isa = PBXBuildFile; fileRef = 84241D40625FE575BE90CD66 /* Pods_Instagram_InstagramUITests.framework */; };
		D692784F2906F51E00DE78B6 /* CommentCell.swift in Sources */ = {isa = PBXBuildFile; fileRef = D692784E2906F51E00DE78B6 /* CommentCell.swift */; };
		D6C097FD28F6171D00CDF96E /* AppDelegate.swift in Sources */ = {isa = PBXBuildFile; fileRef = D6C097FC28F6171D00CDF96E /* AppDelegate.swift */; };
		D6C097FF28F6171D00CDF96E /* SceneDelegate.swift in Sources */ = {isa = PBXBuildFile; fileRef = D6C097FE28F6171D00CDF96E /* SceneDelegate.swift */; };
		D6C0980428F6171D00CDF96E /* Main.storyboard in Resources */ = {isa = PBXBuildFile; fileRef = D6C0980228F6171D00CDF96E /* Main.storyboard */; };
		D6C0980628F6171F00CDF96E /* Assets.xcassets in Resources */ = {isa = PBXBuildFile; fileRef = D6C0980528F6171F00CDF96E /* Assets.xcassets */; };
		D6C0980928F6171F00CDF96E /* LaunchScreen.storyboard in Resources */ = {isa = PBXBuildFile; fileRef = D6C0980728F6171F00CDF96E /* LaunchScreen.storyboard */; };
		D6C0981428F6171F00CDF96E /* InstagramTests.swift in Sources */ = {isa = PBXBuildFile; fileRef = D6C0981328F6171F00CDF96E /* InstagramTests.swift */; };
		D6C0981E28F6171F00CDF96E /* InstagramUITests.swift in Sources */ = {isa = PBXBuildFile; fileRef = D6C0981D28F6171F00CDF96E /* InstagramUITests.swift */; };
		D6C0982028F6171F00CDF96E /* InstagramUITestsLaunchTests.swift in Sources */ = {isa = PBXBuildFile; fileRef = D6C0981F28F6171F00CDF96E /* InstagramUITestsLaunchTests.swift */; };
		D6C0983128FD83C200CDF96E /* LoginViewController.swift in Sources */ = {isa = PBXBuildFile; fileRef = D6C0983028FD83C200CDF96E /* LoginViewController.swift */; };
		D6C0983328FD83DA00CDF96E /* FeedViewController.swift in Sources */ = {isa = PBXBuildFile; fileRef = D6C0983228FD83DA00CDF96E /* FeedViewController.swift */; };
		D6C0983528FDA02000CDF96E /* CameraViewController.swift in Sources */ = {isa = PBXBuildFile; fileRef = D6C0983428FDA02000CDF96E /* CameraViewController.swift */; };
		D6C0983728FDC76600CDF96E /* PostCell.swift in Sources */ = {isa = PBXBuildFile; fileRef = D6C0983628FDC76600CDF96E /* PostCell.swift */; };
		FBAF5E587E761B7DFA31DD12 /* Pods_Instagram.framework in Frameworks */ = {isa = PBXBuildFile; fileRef = F10328F18E7037705A4D29C6 /* Pods_Instagram.framework */; };
/* End PBXBuildFile section */

/* Begin PBXContainerItemProxy section */
		D6C0981028F6171F00CDF96E /* PBXContainerItemProxy */ = {
			isa = PBXContainerItemProxy;
			containerPortal = D6C097F128F6171D00CDF96E /* Project object */;
			proxyType = 1;
			remoteGlobalIDString = D6C097F828F6171D00CDF96E;
			remoteInfo = Instagram;
		};
		D6C0981A28F6171F00CDF96E /* PBXContainerItemProxy */ = {
			isa = PBXContainerItemProxy;
			containerPortal = D6C097F128F6171D00CDF96E /* Project object */;
			proxyType = 1;
			remoteGlobalIDString = D6C097F828F6171D00CDF96E;
			remoteInfo = Instagram;
		};
/* End PBXContainerItemProxy section */

/* Begin PBXFileReference section */
		196DCD4B57D43B8EA86030DF /* Pods-Instagram.debug.xcconfig */ = {isa = PBXFileReference; includeInIndex = 1; lastKnownFileType = text.xcconfig; name = "Pods-Instagram.debug.xcconfig"; path = "Target Support Files/Pods-Instagram/Pods-Instagram.debug.xcconfig"; sourceTree = "<group>"; };
		1CD7F07D60B0F9676EFA5010 /* Pods-Instagram-InstagramUITests.release.xcconfig */ = {isa = PBXFileReference; includeInIndex = 1; lastKnownFileType = text.xcconfig; name = "Pods-Instagram-InstagramUITests.release.xcconfig"; path = "Target Support Files/Pods-Instagram-InstagramUITests/Pods-Instagram-InstagramUITests.release.xcconfig"; sourceTree = "<group>"; };
		33ED19AC02ED62077B549254 /* Pods-InstagramTests.debug.xcconfig */ = {isa = PBXFileReference; includeInIndex = 1; lastKnownFileType = text.xcconfig; name = "Pods-InstagramTests.debug.xcconfig"; path = "Target Support Files/Pods-InstagramTests/Pods-InstagramTests.debug.xcconfig"; sourceTree = "<group>"; };
		84241D40625FE575BE90CD66 /* Pods_Instagram_InstagramUITests.framework */ = {isa = PBXFileReference; explicitFileType = wrapper.framework; includeInIndex = 0; path = Pods_Instagram_InstagramUITests.framework; sourceTree = BUILT_PRODUCTS_DIR; };
		A20CDA0D91CC17226389E340 /* Pods-Instagram.release.xcconfig */ = {isa = PBXFileReference; includeInIndex = 1; lastKnownFileType = text.xcconfig; name = "Pods-Instagram.release.xcconfig"; path = "Target Support Files/Pods-Instagram/Pods-Instagram.release.xcconfig"; sourceTree = "<group>"; };
		A4DF99D62A99CB582DD28E18 /* Pods-Instagram-InstagramUITests.debug.xcconfig */ = {isa = PBXFileReference; includeInIndex = 1; lastKnownFileType = text.xcconfig; name = "Pods-Instagram-InstagramUITests.debug.xcconfig"; path = "Target Support Files/Pods-Instagram-InstagramUITests/Pods-Instagram-InstagramUITests.debug.xcconfig"; sourceTree = "<group>"; };
		CA23C86B39939A42E43D10F7 /* Pods_InstagramTests.framework */ = {isa = PBXFileReference; explicitFileType = wrapper.framework; includeInIndex = 0; path = Pods_InstagramTests.framework; sourceTree = BUILT_PRODUCTS_DIR; };
		D692784E2906F51E00DE78B6 /* CommentCell.swift */ = {isa = PBXFileReference; lastKnownFileType = sourcecode.swift; path = CommentCell.swift; sourceTree = "<group>"; };
		D6C097F928F6171D00CDF96E /* Instagram.app */ = {isa = PBXFileReference; explicitFileType = wrapper.application; includeInIndex = 0; path = Instagram.app; sourceTree = BUILT_PRODUCTS_DIR; };
		D6C097FC28F6171D00CDF96E /* AppDelegate.swift */ = {isa = PBXFileReference; lastKnownFileType = sourcecode.swift; path = AppDelegate.swift; sourceTree = "<group>"; };
		D6C097FE28F6171D00CDF96E /* SceneDelegate.swift */ = {isa = PBXFileReference; lastKnownFileType = sourcecode.swift; path = SceneDelegate.swift; sourceTree = "<group>"; };
		D6C0980328F6171D00CDF96E /* Base */ = {isa = PBXFileReference; lastKnownFileType = file.storyboard; name = Base; path = Base.lproj/Main.storyboard; sourceTree = "<group>"; };
		D6C0980528F6171F00CDF96E /* Assets.xcassets */ = {isa = PBXFileReference; lastKnownFileType = folder.assetcatalog; path = Assets.xcassets; sourceTree = "<group>"; };
		D6C0980828F6171F00CDF96E /* Base */ = {isa = PBXFileReference; lastKnownFileType = file.storyboard; name = Base; path = Base.lproj/LaunchScreen.storyboard; sourceTree = "<group>"; };
		D6C0980A28F6171F00CDF96E /* Info.plist */ = {isa = PBXFileReference; lastKnownFileType = text.plist.xml; path = Info.plist; sourceTree = "<group>"; };
		D6C0980F28F6171F00CDF96E /* InstagramTests.xctest */ = {isa = PBXFileReference; explicitFileType = wrapper.cfbundle; includeInIndex = 0; path = InstagramTests.xctest; sourceTree = BUILT_PRODUCTS_DIR; };
		D6C0981328F6171F00CDF96E /* InstagramTests.swift */ = {isa = PBXFileReference; lastKnownFileType = sourcecode.swift; path = InstagramTests.swift; sourceTree = "<group>"; };
		D6C0981928F6171F00CDF96E /* InstagramUITests.xctest */ = {isa = PBXFileReference; explicitFileType = wrapper.cfbundle; includeInIndex = 0; path = InstagramUITests.xctest; sourceTree = BUILT_PRODUCTS_DIR; };
		D6C0981D28F6171F00CDF96E /* InstagramUITests.swift */ = {isa = PBXFileReference; lastKnownFileType = sourcecode.swift; path = InstagramUITests.swift; sourceTree = "<group>"; };
		D6C0981F28F6171F00CDF96E /* InstagramUITestsLaunchTests.swift */ = {isa = PBXFileReference; lastKnownFileType = sourcecode.swift; path = InstagramUITestsLaunchTests.swift; sourceTree = "<group>"; };
		D6C0983028FD83C200CDF96E /* LoginViewController.swift */ = {isa = PBXFileReference; lastKnownFileType = sourcecode.swift; path = LoginViewController.swift; sourceTree = "<group>"; };
		D6C0983228FD83DA00CDF96E /* FeedViewController.swift */ = {isa = PBXFileReference; lastKnownFileType = sourcecode.swift; path = FeedViewController.swift; sourceTree = "<group>"; };
		D6C0983428FDA02000CDF96E /* CameraViewController.swift */ = {isa = PBXFileReference; lastKnownFileType = sourcecode.swift; path = CameraViewController.swift; sourceTree = "<group>"; };
		D6C0983628FDC76600CDF96E /* PostCell.swift */ = {isa = PBXFileReference; lastKnownFileType = sourcecode.swift; path = PostCell.swift; sourceTree = "<group>"; };
		E3E49379FC50524252E4262C /* Pods-InstagramTests.release.xcconfig */ = {isa = PBXFileReference; includeInIndex = 1; lastKnownFileType = text.xcconfig; name = "Pods-InstagramTests.release.xcconfig"; path = "Target Support Files/Pods-InstagramTests/Pods-InstagramTests.release.xcconfig"; sourceTree = "<group>"; };
		F10328F18E7037705A4D29C6 /* Pods_Instagram.framework */ = {isa = PBXFileReference; explicitFileType = wrapper.framework; includeInIndex = 0; path = Pods_Instagram.framework; sourceTree = BUILT_PRODUCTS_DIR; };
/* End PBXFileReference section */

/* Begin PBXFrameworksBuildPhase section */
		D6C097F628F6171D00CDF96E /* Frameworks */ = {
			isa = PBXFrameworksBuildPhase;
			buildActionMask = 2147483647;
			files = (
				FBAF5E587E761B7DFA31DD12 /* Pods_Instagram.framework in Frameworks */,
			);
			runOnlyForDeploymentPostprocessing = 0;
		};
		D6C0980C28F6171F00CDF96E /* Frameworks */ = {
			isa = PBXFrameworksBuildPhase;
			buildActionMask = 2147483647;
			files = (
				4A6BABDA77EC2DFF7354A9ED /* Pods_InstagramTests.framework in Frameworks */,
			);
			runOnlyForDeploymentPostprocessing = 0;
		};
		D6C0981628F6171F00CDF96E /* Frameworks */ = {
			isa = PBXFrameworksBuildPhase;
			buildActionMask = 2147483647;
			files = (
				78A35EBFD05198C50786B726 /* Pods_Instagram_InstagramUITests.framework in Frameworks */,
			);
			runOnlyForDeploymentPostprocessing = 0;
		};
/* End PBXFrameworksBuildPhase section */

/* Begin PBXGroup section */
		4ECE06061705F0E4875B5071 /* Frameworks */ = {
			isa = PBXGroup;
			children = (
				F10328F18E7037705A4D29C6 /* Pods_Instagram.framework */,
				84241D40625FE575BE90CD66 /* Pods_Instagram_InstagramUITests.framework */,
				CA23C86B39939A42E43D10F7 /* Pods_InstagramTests.framework */,
			);
			name = Frameworks;
			sourceTree = "<group>";
		};
		7C1C7A0468155B3F8D9121AA /* Pods */ = {
			isa = PBXGroup;
			children = (
				196DCD4B57D43B8EA86030DF /* Pods-Instagram.debug.xcconfig */,
				A20CDA0D91CC17226389E340 /* Pods-Instagram.release.xcconfig */,
				A4DF99D62A99CB582DD28E18 /* Pods-Instagram-InstagramUITests.debug.xcconfig */,
				1CD7F07D60B0F9676EFA5010 /* Pods-Instagram-InstagramUITests.release.xcconfig */,
				33ED19AC02ED62077B549254 /* Pods-InstagramTests.debug.xcconfig */,
				E3E49379FC50524252E4262C /* Pods-InstagramTests.release.xcconfig */,
			);
			path = Pods;
			sourceTree = "<group>";
		};
		D6C097F028F6171D00CDF96E = {
			isa = PBXGroup;
			children = (
				D6C097FB28F6171D00CDF96E /* Instagram */,
				D6C0981228F6171F00CDF96E /* InstagramTests */,
				D6C0981C28F6171F00CDF96E /* InstagramUITests */,
				D6C097FA28F6171D00CDF96E /* Products */,
				7C1C7A0468155B3F8D9121AA /* Pods */,
				4ECE06061705F0E4875B5071 /* Frameworks */,
			);
			sourceTree = "<group>";
		};
		D6C097FA28F6171D00CDF96E /* Products */ = {
			isa = PBXGroup;
			children = (
				D6C097F928F6171D00CDF96E /* Instagram.app */,
				D6C0980F28F6171F00CDF96E /* InstagramTests.xctest */,
				D6C0981928F6171F00CDF96E /* InstagramUITests.xctest */,
			);
			name = Products;
			sourceTree = "<group>";
		};
		D6C097FB28F6171D00CDF96E /* Instagram */ = {
			isa = PBXGroup;
			children = (
				D6C097FC28F6171D00CDF96E /* AppDelegate.swift */,
				D6C097FE28F6171D00CDF96E /* SceneDelegate.swift */,
				D6C0980228F6171D00CDF96E /* Main.storyboard */,
				D6C0980528F6171F00CDF96E /* Assets.xcassets */,
				D6C0980728F6171F00CDF96E /* LaunchScreen.storyboard */,
				D6C0980A28F6171F00CDF96E /* Info.plist */,
				D6C0983028FD83C200CDF96E /* LoginViewController.swift */,
				D6C0983228FD83DA00CDF96E /* FeedViewController.swift */,
				D6C0983428FDA02000CDF96E /* CameraViewController.swift */,
				D6C0983628FDC76600CDF96E /* PostCell.swift */,
				D692784E2906F51E00DE78B6 /* CommentCell.swift */,
			);
			path = Instagram;
			sourceTree = "<group>";
		};
		D6C0981228F6171F00CDF96E /* InstagramTests */ = {
			isa = PBXGroup;
			children = (
				D6C0981328F6171F00CDF96E /* InstagramTests.swift */,
			);
			path = InstagramTests;
			sourceTree = "<group>";
		};
		D6C0981C28F6171F00CDF96E /* InstagramUITests */ = {
			isa = PBXGroup;
			children = (
				D6C0981D28F6171F00CDF96E /* InstagramUITests.swift */,
				D6C0981F28F6171F00CDF96E /* InstagramUITestsLaunchTests.swift */,
			);
			path = InstagramUITests;
			sourceTree = "<group>";
		};
/* End PBXGroup section */

/* Begin PBXNativeTarget section */
		D6C097F828F6171D00CDF96E /* Instagram */ = {
			isa = PBXNativeTarget;
			buildConfigurationList = D6C0982328F6171F00CDF96E /* Build configuration list for PBXNativeTarget "Instagram" */;
			buildPhases = (
				E553E57CAD02148D4576A4D8 /* [CP] Check Pods Manifest.lock */,
				D6C097F528F6171D00CDF96E /* Sources */,
				D6C097F628F6171D00CDF96E /* Frameworks */,
				D6C097F728F6171D00CDF96E /* Resources */,
				B7CE7B54444C7A89DD41E4DA /* [CP] Embed Pods Frameworks */,
			);
			buildRules = (
			);
			dependencies = (
			);
			name = Instagram;
			productName = Instagram;
			productReference = D6C097F928F6171D00CDF96E /* Instagram.app */;
			productType = "com.apple.product-type.application";
		};
		D6C0980E28F6171F00CDF96E /* InstagramTests */ = {
			isa = PBXNativeTarget;
			buildConfigurationList = D6C0982628F6171F00CDF96E /* Build configuration list for PBXNativeTarget "InstagramTests" */;
			buildPhases = (
				7FDD15C28CEC9AFF939E6FF4 /* [CP] Check Pods Manifest.lock */,
				D6C0980B28F6171F00CDF96E /* Sources */,
				D6C0980C28F6171F00CDF96E /* Frameworks */,
				D6C0980D28F6171F00CDF96E /* Resources */,
			);
			buildRules = (
			);
			dependencies = (
				D6C0981128F6171F00CDF96E /* PBXTargetDependency */,
			);
			name = InstagramTests;
			productName = InstagramTests;
			productReference = D6C0980F28F6171F00CDF96E /* InstagramTests.xctest */;
			productType = "com.apple.product-type.bundle.unit-test";
		};
		D6C0981828F6171F00CDF96E /* InstagramUITests */ = {
			isa = PBXNativeTarget;
			buildConfigurationList = D6C0982928F6171F00CDF96E /* Build configuration list for PBXNativeTarget "InstagramUITests" */;
			buildPhases = (
				A5B2B1436D5BE82419334C60 /* [CP] Check Pods Manifest.lock */,
				D6C0981528F6171F00CDF96E /* Sources */,
				D6C0981628F6171F00CDF96E /* Frameworks */,
				D6C0981728F6171F00CDF96E /* Resources */,
				8F01650840D00EB3B27FE0AA /* [CP] Embed Pods Frameworks */,
			);
			buildRules = (
			);
			dependencies = (
				D6C0981B28F6171F00CDF96E /* PBXTargetDependency */,
			);
			name = InstagramUITests;
			productName = InstagramUITests;
			productReference = D6C0981928F6171F00CDF96E /* InstagramUITests.xctest */;
			productType = "com.apple.product-type.bundle.ui-testing";
		};
/* End PBXNativeTarget section */

/* Begin PBXProject section */
		D6C097F128F6171D00CDF96E /* Project object */ = {
			isa = PBXProject;
			attributes = {
				BuildIndependentTargetsInParallel = 1;
				LastSwiftUpdateCheck = 1340;
				LastUpgradeCheck = 1340;
				TargetAttributes = {
					D6C097F828F6171D00CDF96E = {
						CreatedOnToolsVersion = 13.4;
					};
					D6C0980E28F6171F00CDF96E = {
						CreatedOnToolsVersion = 13.4;
						TestTargetID = D6C097F828F6171D00CDF96E;
					};
					D6C0981828F6171F00CDF96E = {
						CreatedOnToolsVersion = 13.4;
						TestTargetID = D6C097F828F6171D00CDF96E;
					};
				};
			};
			buildConfigurationList = D6C097F428F6171D00CDF96E /* Build configuration list for PBXProject "Instagram" */;
			compatibilityVersion = "Xcode 13.0";
			developmentRegion = en;
			hasScannedForEncodings = 0;
			knownRegions = (
				en,
				Base,
			);
			mainGroup = D6C097F028F6171D00CDF96E;
			productRefGroup = D6C097FA28F6171D00CDF96E /* Products */;
			projectDirPath = "";
			projectRoot = "";
			targets = (
				D6C097F828F6171D00CDF96E /* Instagram */,
				D6C0980E28F6171F00CDF96E /* InstagramTests */,
				D6C0981828F6171F00CDF96E /* InstagramUITests */,
			);
		};
/* End PBXProject section */

/* Begin PBXResourcesBuildPhase section */
		D6C097F728F6171D00CDF96E /* Resources */ = {
			isa = PBXResourcesBuildPhase;
			buildActionMask = 2147483647;
			files = (
				D6C0980928F6171F00CDF96E /* LaunchScreen.storyboard in Resources */,
				D6C0980628F6171F00CDF96E /* Assets.xcassets in Resources */,
				D6C0980428F6171D00CDF96E /* Main.storyboard in Resources */,
			);
			runOnlyForDeploymentPostprocessing = 0;
		};
		D6C0980D28F6171F00CDF96E /* Resources */ = {
			isa = PBXResourcesBuildPhase;
			buildActionMask = 2147483647;
			files = (
			);
			runOnlyForDeploymentPostprocessing = 0;
		};
		D6C0981728F6171F00CDF96E /* Resources */ = {
			isa = PBXResourcesBuildPhase;
			buildActionMask = 2147483647;
			files = (
			);
			runOnlyForDeploymentPostprocessing = 0;
		};
/* End PBXResourcesBuildPhase section */

/* Begin PBXShellScriptBuildPhase section */
		7FDD15C28CEC9AFF939E6FF4 /* [CP] Check Pods Manifest.lock */ = {
			isa = PBXShellScriptBuildPhase;
			buildActionMask = 2147483647;
			files = (
			);
			inputFileListPaths = (
			);
			inputPaths = (
				"${PODS_PODFILE_DIR_PATH}/Podfile.lock",
				"${PODS_ROOT}/Manifest.lock",
			);
			name = "[CP] Check Pods Manifest.lock";
			outputFileListPaths = (
			);
			outputPaths = (
				"$(DERIVED_FILE_DIR)/Pods-InstagramTests-checkManifestLockResult.txt",
			);
			runOnlyForDeploymentPostprocessing = 0;
			shellPath = /bin/sh;
			shellScript = "diff \"${PODS_PODFILE_DIR_PATH}/Podfile.lock\" \"${PODS_ROOT}/Manifest.lock\" > /dev/null\nif [ $? != 0 ] ; then\n    # print error to STDERR\n    echo \"error: The sandbox is not in sync with the Podfile.lock. Run 'pod install' or update your CocoaPods installation.\" >&2\n    exit 1\nfi\n# This output is used by Xcode 'outputs' to avoid re-running this script phase.\necho \"SUCCESS\" > \"${SCRIPT_OUTPUT_FILE_0}\"\n";
			showEnvVarsInLog = 0;
		};
		8F01650840D00EB3B27FE0AA /* [CP] Embed Pods Frameworks */ = {
			isa = PBXShellScriptBuildPhase;
			buildActionMask = 2147483647;
			files = (
			);
			inputFileListPaths = (
				"${PODS_ROOT}/Target Support Files/Pods-Instagram-InstagramUITests/Pods-Instagram-InstagramUITests-frameworks-${CONFIGURATION}-input-files.xcfilelist",
			);
			name = "[CP] Embed Pods Frameworks";
			outputFileListPaths = (
				"${PODS_ROOT}/Target Support Files/Pods-Instagram-InstagramUITests/Pods-Instagram-InstagramUITests-frameworks-${CONFIGURATION}-output-files.xcfilelist",
			);
			runOnlyForDeploymentPostprocessing = 0;
			shellPath = /bin/sh;
			shellScript = "\"${PODS_ROOT}/Target Support Files/Pods-Instagram-InstagramUITests/Pods-Instagram-InstagramUITests-frameworks.sh\"\n";
			showEnvVarsInLog = 0;
		};
		A5B2B1436D5BE82419334C60 /* [CP] Check Pods Manifest.lock */ = {
			isa = PBXShellScriptBuildPhase;
			buildActionMask = 2147483647;
			files = (
			);
			inputFileListPaths = (
			);
			inputPaths = (
				"${PODS_PODFILE_DIR_PATH}/Podfile.lock",
				"${PODS_ROOT}/Manifest.lock",
			);
			name = "[CP] Check Pods Manifest.lock";
			outputFileListPaths = (
			);
			outputPaths = (
				"$(DERIVED_FILE_DIR)/Pods-Instagram-InstagramUITests-checkManifestLockResult.txt",
			);
			runOnlyForDeploymentPostprocessing = 0;
			shellPath = /bin/sh;
			shellScript = "diff \"${PODS_PODFILE_DIR_PATH}/Podfile.lock\" \"${PODS_ROOT}/Manifest.lock\" > /dev/null\nif [ $? != 0 ] ; then\n    # print error to STDERR\n    echo \"error: The sandbox is not in sync with the Podfile.lock. Run 'pod install' or update your CocoaPods installation.\" >&2\n    exit 1\nfi\n# This output is used by Xcode 'outputs' to avoid re-running this script phase.\necho \"SUCCESS\" > \"${SCRIPT_OUTPUT_FILE_0}\"\n";
			showEnvVarsInLog = 0;
		};
		B7CE7B54444C7A89DD41E4DA /* [CP] Embed Pods Frameworks */ = {
			isa = PBXShellScriptBuildPhase;
			buildActionMask = 2147483647;
			files = (
			);
			inputFileListPaths = (
				"${PODS_ROOT}/Target Support Files/Pods-Instagram/Pods-Instagram-frameworks-${CONFIGURATION}-input-files.xcfilelist",
			);
			name = "[CP] Embed Pods Frameworks";
			outputFileListPaths = (
				"${PODS_ROOT}/Target Support Files/Pods-Instagram/Pods-Instagram-frameworks-${CONFIGURATION}-output-files.xcfilelist",
			);
			runOnlyForDeploymentPostprocessing = 0;
			shellPath = /bin/sh;
			shellScript = "\"${PODS_ROOT}/Target Support Files/Pods-Instagram/Pods-Instagram-frameworks.sh\"\n";
			showEnvVarsInLog = 0;
		};
		E553E57CAD02148D4576A4D8 /* [CP] Check Pods Manifest.lock */ = {
			isa = PBXShellScriptBuildPhase;
			buildActionMask = 2147483647;
			files = (
			);
			inputFileListPaths = (
			);
			inputPaths = (
				"${PODS_PODFILE_DIR_PATH}/Podfile.lock",
				"${PODS_ROOT}/Manifest.lock",
			);
			name = "[CP] Check Pods Manifest.lock";
			outputFileListPaths = (
			);
			outputPaths = (
				"$(DERIVED_FILE_DIR)/Pods-Instagram-checkManifestLockResult.txt",
			);
			runOnlyForDeploymentPostprocessing = 0;
			shellPath = /bin/sh;
			shellScript = "diff \"${PODS_PODFILE_DIR_PATH}/Podfile.lock\" \"${PODS_ROOT}/Manifest.lock\" > /dev/null\nif [ $? != 0 ] ; then\n    # print error to STDERR\n    echo \"error: The sandbox is not in sync with the Podfile.lock. Run 'pod install' or update your CocoaPods installation.\" >&2\n    exit 1\nfi\n# This output is used by Xcode 'outputs' to avoid re-running this script phase.\necho \"SUCCESS\" > \"${SCRIPT_OUTPUT_FILE_0}\"\n";
			showEnvVarsInLog = 0;
		};
/* End PBXShellScriptBuildPhase section */

/* Begin PBXSourcesBuildPhase section */
		D6C097F528F6171D00CDF96E /* Sources */ = {
			isa = PBXSourcesBuildPhase;
			buildActionMask = 2147483647;
			files = (
				D6C0983128FD83C200CDF96E /* LoginViewController.swift in Sources */,
				D6C0983528FDA02000CDF96E /* CameraViewController.swift in Sources */,
				D6C097FD28F6171D00CDF96E /* AppDelegate.swift in Sources */,
				D6C0983328FD83DA00CDF96E /* FeedViewController.swift in Sources */,
				D6C097FF28F6171D00CDF96E /* SceneDelegate.swift in Sources */,
				D6C0983728FDC76600CDF96E /* PostCell.swift in Sources */,
				D692784F2906F51E00DE78B6 /* CommentCell.swift in Sources */,
			);
			runOnlyForDeploymentPostprocessing = 0;
		};
		D6C0980B28F6171F00CDF96E /* Sources */ = {
			isa = PBXSourcesBuildPhase;
			buildActionMask = 2147483647;
			files = (
				D6C0981428F6171F00CDF96E /* InstagramTests.swift in Sources */,
			);
			runOnlyForDeploymentPostprocessing = 0;
		};
		D6C0981528F6171F00CDF96E /* Sources */ = {
			isa = PBXSourcesBuildPhase;
			buildActionMask = 2147483647;
			files = (
				D6C0981E28F6171F00CDF96E /* InstagramUITests.swift in Sources */,
				D6C0982028F6171F00CDF96E /* InstagramUITestsLaunchTests.swift in Sources */,
			);
			runOnlyForDeploymentPostprocessing = 0;
		};
/* End PBXSourcesBuildPhase section */

/* Begin PBXTargetDependency section */
		D6C0981128F6171F00CDF96E /* PBXTargetDependency */ = {
			isa = PBXTargetDependency;
			target = D6C097F828F6171D00CDF96E /* Instagram */;
			targetProxy = D6C0981028F6171F00CDF96E /* PBXContainerItemProxy */;
		};
		D6C0981B28F6171F00CDF96E /* PBXTargetDependency */ = {
			isa = PBXTargetDependency;
			target = D6C097F828F6171D00CDF96E /* Instagram */;
			targetProxy = D6C0981A28F6171F00CDF96E /* PBXContainerItemProxy */;
		};
/* End PBXTargetDependency section */

/* Begin PBXVariantGroup section */
		D6C0980228F6171D00CDF96E /* Main.storyboard */ = {
			isa = PBXVariantGroup;
			children = (
				D6C0980328F6171D00CDF96E /* Base */,
			);
			name = Main.storyboard;
			sourceTree = "<group>";
		};
		D6C0980728F6171F00CDF96E /* LaunchScreen.storyboard */ = {
			isa = PBXVariantGroup;
			children = (
				D6C0980828F6171F00CDF96E /* Base */,
			);
			name = LaunchScreen.storyboard;
			sourceTree = "<group>";
		};
/* End PBXVariantGroup section */

/* Begin XCBuildConfiguration section */
		D6C0982128F6171F00CDF96E /* Debug */ = {
			isa = XCBuildConfiguration;
			buildSettings = {
				ALWAYS_SEARCH_USER_PATHS = NO;
				CLANG_ANALYZER_NONNULL = YES;
				CLANG_ANALYZER_NUMBER_OBJECT_CONVERSION = YES_AGGRESSIVE;
				CLANG_CXX_LANGUAGE_STANDARD = "gnu++17";
				CLANG_ENABLE_MODULES = YES;
				CLANG_ENABLE_OBJC_ARC = YES;
				CLANG_ENABLE_OBJC_WEAK = YES;
				CLANG_WARN_BLOCK_CAPTURE_AUTORELEASING = YES;
				CLANG_WARN_BOOL_CONVERSION = YES;
				CLANG_WARN_COMMA = YES;
				CLANG_WARN_CONSTANT_CONVERSION = YES;
				CLANG_WARN_DEPRECATED_OBJC_IMPLEMENTATIONS = YES;
				CLANG_WARN_DIRECT_OBJC_ISA_USAGE = YES_ERROR;
				CLANG_WARN_DOCUMENTATION_COMMENTS = YES;
				CLANG_WARN_EMPTY_BODY = YES;
				CLANG_WARN_ENUM_CONVERSION = YES;
				CLANG_WARN_INFINITE_RECURSION = YES;
				CLANG_WARN_INT_CONVERSION = YES;
				CLANG_WARN_NON_LITERAL_NULL_CONVERSION = YES;
				CLANG_WARN_OBJC_IMPLICIT_RETAIN_SELF = YES;
				CLANG_WARN_OBJC_LITERAL_CONVERSION = YES;
				CLANG_WARN_OBJC_ROOT_CLASS = YES_ERROR;
				CLANG_WARN_QUOTED_INCLUDE_IN_FRAMEWORK_HEADER = YES;
				CLANG_WARN_RANGE_LOOP_ANALYSIS = YES;
				CLANG_WARN_STRICT_PROTOTYPES = YES;
				CLANG_WARN_SUSPICIOUS_MOVE = YES;
				CLANG_WARN_UNGUARDED_AVAILABILITY = YES_AGGRESSIVE;
				CLANG_WARN_UNREACHABLE_CODE = YES;
				CLANG_WARN__DUPLICATE_METHOD_MATCH = YES;
				COPY_PHASE_STRIP = NO;
				DEBUG_INFORMATION_FORMAT = dwarf;
				ENABLE_STRICT_OBJC_MSGSEND = YES;
				ENABLE_TESTABILITY = YES;
				GCC_C_LANGUAGE_STANDARD = gnu11;
				GCC_DYNAMIC_NO_PIC = NO;
				GCC_NO_COMMON_BLOCKS = YES;
				GCC_OPTIMIZATION_LEVEL = 0;
				GCC_PREPROCESSOR_DEFINITIONS = (
					"DEBUG=1",
					"$(inherited)",
				);
				GCC_WARN_64_TO_32_BIT_CONVERSION = YES;
				GCC_WARN_ABOUT_RETURN_TYPE = YES_ERROR;
				GCC_WARN_UNDECLARED_SELECTOR = YES;
				GCC_WARN_UNINITIALIZED_AUTOS = YES_AGGRESSIVE;
				GCC_WARN_UNUSED_FUNCTION = YES;
				GCC_WARN_UNUSED_VARIABLE = YES;
				IPHONEOS_DEPLOYMENT_TARGET = 15.5;
				MTL_ENABLE_DEBUG_INFO = INCLUDE_SOURCE;
				MTL_FAST_MATH = YES;
				ONLY_ACTIVE_ARCH = YES;
				SDKROOT = iphoneos;
				SWIFT_ACTIVE_COMPILATION_CONDITIONS = DEBUG;
				SWIFT_OPTIMIZATION_LEVEL = "-Onone";
			};
			name = Debug;
		};
		D6C0982228F6171F00CDF96E /* Release */ = {
			isa = XCBuildConfiguration;
			buildSettings = {
				ALWAYS_SEARCH_USER_PATHS = NO;
				CLANG_ANALYZER_NONNULL = YES;
				CLANG_ANALYZER_NUMBER_OBJECT_CONVERSION = YES_AGGRESSIVE;
				CLANG_CXX_LANGUAGE_STANDARD = "gnu++17";
				CLANG_ENABLE_MODULES = YES;
				CLANG_ENABLE_OBJC_ARC = YES;
				CLANG_ENABLE_OBJC_WEAK = YES;
				CLANG_WARN_BLOCK_CAPTURE_AUTORELEASING = YES;
				CLANG_WARN_BOOL_CONVERSION = YES;
				CLANG_WARN_COMMA = YES;
				CLANG_WARN_CONSTANT_CONVERSION = YES;
				CLANG_WARN_DEPRECATED_OBJC_IMPLEMENTATIONS = YES;
				CLANG_WARN_DIRECT_OBJC_ISA_USAGE = YES_ERROR;
				CLANG_WARN_DOCUMENTATION_COMMENTS = YES;
				CLANG_WARN_EMPTY_BODY = YES;
				CLANG_WARN_ENUM_CONVERSION = YES;
				CLANG_WARN_INFINITE_RECURSION = YES;
				CLANG_WARN_INT_CONVERSION = YES;
				CLANG_WARN_NON_LITERAL_NULL_CONVERSION = YES;
				CLANG_WARN_OBJC_IMPLICIT_RETAIN_SELF = YES;
				CLANG_WARN_OBJC_LITERAL_CONVERSION = YES;
				CLANG_WARN_OBJC_ROOT_CLASS = YES_ERROR;
				CLANG_WARN_QUOTED_INCLUDE_IN_FRAMEWORK_HEADER = YES;
				CLANG_WARN_RANGE_LOOP_ANALYSIS = YES;
				CLANG_WARN_STRICT_PROTOTYPES = YES;
				CLANG_WARN_SUSPICIOUS_MOVE = YES;
				CLANG_WARN_UNGUARDED_AVAILABILITY = YES_AGGRESSIVE;
				CLANG_WARN_UNREACHABLE_CODE = YES;
				CLANG_WARN__DUPLICATE_METHOD_MATCH = YES;
				COPY_PHASE_STRIP = NO;
				DEBUG_INFORMATION_FORMAT = "dwarf-with-dsym";
				ENABLE_NS_ASSERTIONS = NO;
				ENABLE_STRICT_OBJC_MSGSEND = YES;
				GCC_C_LANGUAGE_STANDARD = gnu11;
				GCC_NO_COMMON_BLOCKS = YES;
				GCC_WARN_64_TO_32_BIT_CONVERSION = YES;
				GCC_WARN_ABOUT_RETURN_TYPE = YES_ERROR;
				GCC_WARN_UNDECLARED_SELECTOR = YES;
				GCC_WARN_UNINITIALIZED_AUTOS = YES_AGGRESSIVE;
				GCC_WARN_UNUSED_FUNCTION = YES;
				GCC_WARN_UNUSED_VARIABLE = YES;
				IPHONEOS_DEPLOYMENT_TARGET = 15.5;
				MTL_ENABLE_DEBUG_INFO = NO;
				MTL_FAST_MATH = YES;
				SDKROOT = iphoneos;
				SWIFT_COMPILATION_MODE = wholemodule;
				SWIFT_OPTIMIZATION_LEVEL = "-O";
				VALIDATE_PRODUCT = YES;
			};
			name = Release;
		};
		D6C0982428F6171F00CDF96E /* Debug */ = {
			isa = XCBuildConfiguration;
			baseConfigurationReference = 196DCD4B57D43B8EA86030DF /* Pods-Instagram.debug.xcconfig */;
			buildSettings = {
				ASSETCATALOG_COMPILER_APPICON_NAME = AppIcon;
				ASSETCATALOG_COMPILER_GLOBAL_ACCENT_COLOR_NAME = AccentColor;
				CODE_SIGN_STYLE = Automatic;
				CURRENT_PROJECT_VERSION = 1;
				DEVELOPMENT_TEAM = W6H9D5YLP7;
				GENERATE_INFOPLIST_FILE = YES;
				INFOPLIST_FILE = Instagram/Info.plist;
				INFOPLIST_KEY_UIApplicationSupportsIndirectInputEvents = YES;
				INFOPLIST_KEY_UILaunchStoryboardName = LaunchScreen;
				INFOPLIST_KEY_UIMainStoryboardFile = Main;
				INFOPLIST_KEY_UISupportedInterfaceOrientations_iPad = "UIInterfaceOrientationPortrait UIInterfaceOrientationPortraitUpsideDown UIInterfaceOrientationLandscapeLeft UIInterfaceOrientationLandscapeRight";
				INFOPLIST_KEY_UISupportedInterfaceOrientations_iPhone = "UIInterfaceOrientationPortrait UIInterfaceOrientationLandscapeLeft UIInterfaceOrientationLandscapeRight";
				LD_RUNPATH_SEARCH_PATHS = (
					"$(inherited)",
					"@executable_path/Frameworks",
				);
				MARKETING_VERSION = 1.0;
				PRODUCT_BUNDLE_IDENTIFIER = com.Deaz.Instagram;
				PRODUCT_NAME = "$(TARGET_NAME)";
				SWIFT_EMIT_LOC_STRINGS = YES;
				SWIFT_VERSION = 5.0;
				TARGETED_DEVICE_FAMILY = "1,2";
			};
			name = Debug;
		};
		D6C0982528F6171F00CDF96E /* Release */ = {
			isa = XCBuildConfiguration;
			baseConfigurationReference = A20CDA0D91CC17226389E340 /* Pods-Instagram.release.xcconfig */;
			buildSettings = {
				ASSETCATALOG_COMPILER_APPICON_NAME = AppIcon;
				ASSETCATALOG_COMPILER_GLOBAL_ACCENT_COLOR_NAME = AccentColor;
				CODE_SIGN_STYLE = Automatic;
				CURRENT_PROJECT_VERSION = 1;
				DEVELOPMENT_TEAM = W6H9D5YLP7;
				GENERATE_INFOPLIST_FILE = YES;
				INFOPLIST_FILE = Instagram/Info.plist;
				INFOPLIST_KEY_UIApplicationSupportsIndirectInputEvents = YES;
				INFOPLIST_KEY_UILaunchStoryboardName = LaunchScreen;
				INFOPLIST_KEY_UIMainStoryboardFile = Main;
				INFOPLIST_KEY_UISupportedInterfaceOrientations_iPad = "UIInterfaceOrientationPortrait UIInterfaceOrientationPortraitUpsideDown UIInterfaceOrientationLandscapeLeft UIInterfaceOrientationLandscapeRight";
				INFOPLIST_KEY_UISupportedInterfaceOrientations_iPhone = "UIInterfaceOrientationPortrait UIInterfaceOrientationLandscapeLeft UIInterfaceOrientationLandscapeRight";
				LD_RUNPATH_SEARCH_PATHS = (
					"$(inherited)",
					"@executable_path/Frameworks",
				);
				MARKETING_VERSION = 1.0;
				PRODUCT_BUNDLE_IDENTIFIER = com.Deaz.Instagram;
				PRODUCT_NAME = "$(TARGET_NAME)";
				SWIFT_EMIT_LOC_STRINGS = YES;
				SWIFT_VERSION = 5.0;
				TARGETED_DEVICE_FAMILY = "1,2";
			};
			name = Release;
		};
		D6C0982728F6171F00CDF96E /* Debug */ = {
			isa = XCBuildConfiguration;
			baseConfigurationReference = 33ED19AC02ED62077B549254 /* Pods-InstagramTests.debug.xcconfig */;
			buildSettings = {
				ALWAYS_EMBED_SWIFT_STANDARD_LIBRARIES = YES;
				BUNDLE_LOADER = "$(TEST_HOST)";
				CODE_SIGN_STYLE = Automatic;
				CURRENT_PROJECT_VERSION = 1;
				DEVELOPMENT_TEAM = W6H9D5YLP7;
				GENERATE_INFOPLIST_FILE = YES;
				IPHONEOS_DEPLOYMENT_TARGET = 15.5;
				MARKETING_VERSION = 1.0;
				PRODUCT_BUNDLE_IDENTIFIER = com.Deaz.InstagramTests;
				PRODUCT_NAME = "$(TARGET_NAME)";
				SWIFT_EMIT_LOC_STRINGS = NO;
				SWIFT_VERSION = 5.0;
				TARGETED_DEVICE_FAMILY = "1,2";
				TEST_HOST = "$(BUILT_PRODUCTS_DIR)/Instagram.app/Instagram";
			};
			name = Debug;
		};
		D6C0982828F6171F00CDF96E /* Release */ = {
			isa = XCBuildConfiguration;
			baseConfigurationReference = E3E49379FC50524252E4262C /* Pods-InstagramTests.release.xcconfig */;
			buildSettings = {
				ALWAYS_EMBED_SWIFT_STANDARD_LIBRARIES = YES;
				BUNDLE_LOADER = "$(TEST_HOST)";
				CODE_SIGN_STYLE = Automatic;
				CURRENT_PROJECT_VERSION = 1;
				DEVELOPMENT_TEAM = W6H9D5YLP7;
				GENERATE_INFOPLIST_FILE = YES;
				IPHONEOS_DEPLOYMENT_TARGET = 15.5;
				MARKETING_VERSION = 1.0;
				PRODUCT_BUNDLE_IDENTIFIER = com.Deaz.InstagramTests;
				PRODUCT_NAME = "$(TARGET_NAME)";
				SWIFT_EMIT_LOC_STRINGS = NO;
				SWIFT_VERSION = 5.0;
				TARGETED_DEVICE_FAMILY = "1,2";
				TEST_HOST = "$(BUILT_PRODUCTS_DIR)/Instagram.app/Instagram";
			};
			name = Release;
		};
		D6C0982A28F6171F00CDF96E /* Debug */ = {
			isa = XCBuildConfiguration;
			baseConfigurationReference = A4DF99D62A99CB582DD28E18 /* Pods-Instagram-InstagramUITests.debug.xcconfig */;
			buildSettings = {
				ALWAYS_EMBED_SWIFT_STANDARD_LIBRARIES = YES;
				CODE_SIGN_STYLE = Automatic;
				CURRENT_PROJECT_VERSION = 1;
				DEVELOPMENT_TEAM = W6H9D5YLP7;
				GENERATE_INFOPLIST_FILE = YES;
				MARKETING_VERSION = 1.0;
				PRODUCT_BUNDLE_IDENTIFIER = com.Deaz.InstagramUITests;
				PRODUCT_NAME = "$(TARGET_NAME)";
				SWIFT_EMIT_LOC_STRINGS = NO;
				SWIFT_VERSION = 5.0;
				TARGETED_DEVICE_FAMILY = "1,2";
				TEST_TARGET_NAME = Instagram;
			};
			name = Debug;
		};
		D6C0982B28F6171F00CDF96E /* Release */ = {
			isa = XCBuildConfiguration;
			baseConfigurationReference = 1CD7F07D60B0F9676EFA5010 /* Pods-Instagram-InstagramUITests.release.xcconfig */;
			buildSettings = {
				ALWAYS_EMBED_SWIFT_STANDARD_LIBRARIES = YES;
				CODE_SIGN_STYLE = Automatic;
				CURRENT_PROJECT_VERSION = 1;
				DEVELOPMENT_TEAM = W6H9D5YLP7;
				GENERATE_INFOPLIST_FILE = YES;
				MARKETING_VERSION = 1.0;
				PRODUCT_BUNDLE_IDENTIFIER = com.Deaz.InstagramUITests;
				PRODUCT_NAME = "$(TARGET_NAME)";
				SWIFT_EMIT_LOC_STRINGS = NO;
				SWIFT_VERSION = 5.0;
				TARGETED_DEVICE_FAMILY = "1,2";
				TEST_TARGET_NAME = Instagram;
			};
			name = Release;
		};
/* End XCBuildConfiguration section */

/* Begin XCConfigurationList section */
		D6C097F428F6171D00CDF96E /* Build configuration list for PBXProject "Instagram" */ = {
			isa = XCConfigurationList;
			buildConfigurations = (
				D6C0982128F6171F00CDF96E /* Debug */,
				D6C0982228F6171F00CDF96E /* Release */,
			);
			defaultConfigurationIsVisible = 0;
			defaultConfigurationName = Release;
		};
		D6C0982328F6171F00CDF96E /* Build configuration list for PBXNativeTarget "Instagram" */ = {
			isa = XCConfigurationList;
			buildConfigurations = (
				D6C0982428F6171F00CDF96E /* Debug */,
				D6C0982528F6171F00CDF96E /* Release */,
			);
			defaultConfigurationIsVisible = 0;
			defaultConfigurationName = Release;
		};
		D6C0982628F6171F00CDF96E /* Build configuration list for PBXNativeTarget "InstagramTests" */ = {
			isa = XCConfigurationList;
			buildConfigurations = (
				D6C0982728F6171F00CDF96E /* Debug */,
				D6C0982828F6171F00CDF96E /* Release */,
			);
			defaultConfigurationIsVisible = 0;
			defaultConfigurationName = Release;
		};
		D6C0982928F6171F00CDF96E /* Build configuration list for PBXNativeTarget "InstagramUITests" */ = {
			isa = XCConfigurationList;
			buildConfigurations = (
				D6C0982A28F6171F00CDF96E /* Debug */,
				D6C0982B28F6171F00CDF96E /* Release */,
			);
			defaultConfigurationIsVisible = 0;
			defaultConfigurationName = Release;
		};
/* End XCConfigurationList section */
	};
	rootObject = D6C097F128F6171D00CDF96E /* Project object */;
}
